// !$*UTF8*$!
{
	archiveVersion = 1;
	classes = {
	};
	objectVersion = 55;
	objects = {

/* Begin PBXBuildFile section */
		2767D2EF269BA2AF00E61C36 /* Tests_iOS.swift in Sources */ = {isa = PBXBuildFile; fileRef = 2767D2EE269BA2AF00E61C36 /* Tests_iOS.swift */; };
		2767D2F9269BA2AF00E61C36 /* Tests_macOS.swift in Sources */ = {isa = PBXBuildFile; fileRef = 2767D2F8269BA2AF00E61C36 /* Tests_macOS.swift */; };
		2767D2FA269BA2AF00E61C36 /* The_Jumping_RetardApp.swift in Sources */ = {isa = PBXBuildFile; fileRef = 2767D2D8269BA2AB00E61C36 /* The_Jumping_RetardApp.swift */; };
		2767D2FB269BA2AF00E61C36 /* The_Jumping_RetardApp.swift in Sources */ = {isa = PBXBuildFile; fileRef = 2767D2D8269BA2AB00E61C36 /* The_Jumping_RetardApp.swift */; };
		2767D2FC269BA2AF00E61C36 /* ContentView.swift in Sources */ = {isa = PBXBuildFile; fileRef = 2767D2D9269BA2AB00E61C36 /* ContentView.swift */; };
		2767D2FD269BA2AF00E61C36 /* ContentView.swift in Sources */ = {isa = PBXBuildFile; fileRef = 2767D2D9269BA2AB00E61C36 /* ContentView.swift */; };
		2767D310269BA88B00E61C36 /* Assets.xcassets in Resources */ = {isa = PBXBuildFile; fileRef = 2767D30F269BA88B00E61C36 /* Assets.xcassets */; };
		2767D311269BA88B00E61C36 /* Assets.xcassets in Resources */ = {isa = PBXBuildFile; fileRef = 2767D30F269BA88B00E61C36 /* Assets.xcassets */; };
		2767D313269BA8A900E61C36 /* fonts in Resources */ = {isa = PBXBuildFile; fileRef = 2767D312269BA8A900E61C36 /* fonts */; };
		2767D314269BA8A900E61C36 /* fonts in Resources */ = {isa = PBXBuildFile; fileRef = 2767D312269BA8A900E61C36 /* fonts */; };
/* End PBXBuildFile section */

/* Begin PBXContainerItemProxy section */
		2767D2EB269BA2AF00E61C36 /* PBXContainerItemProxy */ = {
			isa = PBXContainerItemProxy;
			containerPortal = 2767D2D3269BA2AB00E61C36 /* Project object */;
			proxyType = 1;
			remoteGlobalIDString = 2767D2DE269BA2AF00E61C36;
			remoteInfo = "The Jumping Retard (iOS)";
		};
		2767D2F5269BA2AF00E61C36 /* PBXContainerItemProxy */ = {
			isa = PBXContainerItemProxy;
			containerPortal = 2767D2D3269BA2AB00E61C36 /* Project object */;
			proxyType = 1;
			remoteGlobalIDString = 2767D2E4269BA2AF00E61C36;
			remoteInfo = "The Jumping Retard (macOS)";
		};
/* End PBXContainerItemProxy section */

/* Begin PBXFileReference section */
		2767D2D8269BA2AB00E61C36 /* The_Jumping_RetardApp.swift */ = {isa = PBXFileReference; lastKnownFileType = sourcecode.swift; path = The_Jumping_RetardApp.swift; sourceTree = "<group>"; };
		2767D2D9269BA2AB00E61C36 /* ContentView.swift */ = {isa = PBXFileReference; lastKnownFileType = sourcecode.swift; path = ContentView.swift; sourceTree = "<group>"; };
		2767D2DF269BA2AF00E61C36 /* The Jumping Retard.app */ = {isa = PBXFileReference; explicitFileType = wrapper.application; includeInIndex = 0; path = "The Jumping Retard.app"; sourceTree = BUILT_PRODUCTS_DIR; };
		2767D2E5269BA2AF00E61C36 /* The Jumping Retard.app */ = {isa = PBXFileReference; explicitFileType = wrapper.application; includeInIndex = 0; path = "The Jumping Retard.app"; sourceTree = BUILT_PRODUCTS_DIR; };
		2767D2EA269BA2AF00E61C36 /* Tests iOS.xctest */ = {isa = PBXFileReference; explicitFileType = wrapper.cfbundle; includeInIndex = 0; path = "Tests iOS.xctest"; sourceTree = BUILT_PRODUCTS_DIR; };
		2767D2EE269BA2AF00E61C36 /* Tests_iOS.swift */ = {isa = PBXFileReference; lastKnownFileType = sourcecode.swift; path = Tests_iOS.swift; sourceTree = "<group>"; };
		2767D2F4269BA2AF00E61C36 /* Tests macOS.xctest */ = {isa = PBXFileReference; explicitFileType = wrapper.cfbundle; includeInIndex = 0; path = "Tests macOS.xctest"; sourceTree = BUILT_PRODUCTS_DIR; };
		2767D2F8269BA2AF00E61C36 /* Tests_macOS.swift */ = {isa = PBXFileReference; lastKnownFileType = sourcecode.swift; path = Tests_macOS.swift; sourceTree = "<group>"; };
		2767D30E269BA3F000E61C36 /* The-Jumping-Retard--macOS--Info.plist */ = {isa = PBXFileReference; lastKnownFileType = text.plist; path = "The-Jumping-Retard--macOS--Info.plist"; sourceTree = "<group>"; };
		2767D30F269BA88B00E61C36 /* Assets.xcassets */ = {isa = PBXFileReference; lastKnownFileType = folder.assetcatalog; name = Assets.xcassets; path = "../../../flappybird/Flappy Bird/Assets.xcassets"; sourceTree = "<group>"; };
		2767D312269BA8A900E61C36 /* fonts */ = {isa = PBXFileReference; lastKnownFileType = folder; name = fonts; path = "../../../flappybird/Flappy Bird/fonts"; sourceTree = "<group>"; };
/* End PBXFileReference section */

/* Begin PBXFrameworksBuildPhase section */
		2767D2DC269BA2AF00E61C36 /* Frameworks */ = {
			isa = PBXFrameworksBuildPhase;
			buildActionMask = 2147483647;
			files = (
			);
			runOnlyForDeploymentPostprocessing = 0;
		};
		2767D2E2269BA2AF00E61C36 /* Frameworks */ = {
			isa = PBXFrameworksBuildPhase;
			buildActionMask = 2147483647;
			files = (
			);
			runOnlyForDeploymentPostprocessing = 0;
		};
		2767D2E7269BA2AF00E61C36 /* Frameworks */ = {
			isa = PBXFrameworksBuildPhase;
			buildActionMask = 2147483647;
			files = (
			);
			runOnlyForDeploymentPostprocessing = 0;
		};
		2767D2F1269BA2AF00E61C36 /* Frameworks */ = {
			isa = PBXFrameworksBuildPhase;
			buildActionMask = 2147483647;
			files = (
			);
			runOnlyForDeploymentPostprocessing = 0;
		};
/* End PBXFrameworksBuildPhase section */

/* Begin PBXGroup section */
		2767D2D2269BA2AB00E61C36 = {
			isa = PBXGroup;
			children = (
				2767D30E269BA3F000E61C36 /* The-Jumping-Retard--macOS--Info.plist */,
				2767D2D7269BA2AB00E61C36 /* Shared */,
				2767D2ED269BA2AF00E61C36 /* Tests iOS */,
				2767D2F7269BA2AF00E61C36 /* Tests macOS */,
				2767D2E0269BA2AF00E61C36 /* Products */,
			);
			sourceTree = "<group>";
		};
		2767D2D7269BA2AB00E61C36 /* Shared */ = {
			isa = PBXGroup;
			children = (
				2767D312269BA8A900E61C36 /* fonts */,
				2767D2D8269BA2AB00E61C36 /* The_Jumping_RetardApp.swift */,
				2767D2D9269BA2AB00E61C36 /* ContentView.swift */,
				2767D30F269BA88B00E61C36 /* Assets.xcassets */,
			);
			path = Shared;
			sourceTree = "<group>";
		};
		2767D2E0269BA2AF00E61C36 /* Products */ = {
			isa = PBXGroup;
			children = (
				2767D2DF269BA2AF00E61C36 /* The Jumping Retard.app */,
				2767D2E5269BA2AF00E61C36 /* The Jumping Retard.app */,
				2767D2EA269BA2AF00E61C36 /* Tests iOS.xctest */,
				2767D2F4269BA2AF00E61C36 /* Tests macOS.xctest */,
			);
			name = Products;
			sourceTree = "<group>";
		};
		2767D2ED269BA2AF00E61C36 /* Tests iOS */ = {
			isa = PBXGroup;
			children = (
				2767D2EE269BA2AF00E61C36 /* Tests_iOS.swift */,
			);
			path = "Tests iOS";
			sourceTree = "<group>";
		};
		2767D2F7269BA2AF00E61C36 /* Tests macOS */ = {
			isa = PBXGroup;
			children = (
				2767D2F8269BA2AF00E61C36 /* Tests_macOS.swift */,
			);
			path = "Tests macOS";
			sourceTree = "<group>";
		};
/* End PBXGroup section */

/* Begin PBXNativeTarget section */
		2767D2DE269BA2AF00E61C36 /* The Jumping Retard (iOS) */ = {
			isa = PBXNativeTarget;
			buildConfigurationList = 2767D302269BA2AF00E61C36 /* Build configuration list for PBXNativeTarget "The Jumping Retard (iOS)" */;
			buildPhases = (
				2767D2DB269BA2AF00E61C36 /* Sources */,
				2767D2DC269BA2AF00E61C36 /* Frameworks */,
				2767D2DD269BA2AF00E61C36 /* Resources */,
			);
			buildRules = (
			);
			dependencies = (
			);
			name = "The Jumping Retard (iOS)";
			productName = "The Jumping Retard (iOS)";
			productReference = 2767D2DF269BA2AF00E61C36 /* The Jumping Retard.app */;
			productType = "com.apple.product-type.application";
		};
		2767D2E4269BA2AF00E61C36 /* The Jumping Retard (macOS) */ = {
			isa = PBXNativeTarget;
			buildConfigurationList = 2767D305269BA2AF00E61C36 /* Build configuration list for PBXNativeTarget "The Jumping Retard (macOS)" */;
			buildPhases = (
				2767D2E1269BA2AF00E61C36 /* Sources */,
				2767D2E2269BA2AF00E61C36 /* Frameworks */,
				2767D2E3269BA2AF00E61C36 /* Resources */,
			);
			buildRules = (
			);
			dependencies = (
			);
			name = "The Jumping Retard (macOS)";
			productName = "The Jumping Retard (macOS)";
			productReference = 2767D2E5269BA2AF00E61C36 /* The Jumping Retard.app */;
			productType = "com.apple.product-type.application";
		};
		2767D2E9269BA2AF00E61C36 /* Tests iOS */ = {
			isa = PBXNativeTarget;
			buildConfigurationList = 2767D308269BA2AF00E61C36 /* Build configuration list for PBXNativeTarget "Tests iOS" */;
			buildPhases = (
				2767D2E6269BA2AF00E61C36 /* Sources */,
				2767D2E7269BA2AF00E61C36 /* Frameworks */,
				2767D2E8269BA2AF00E61C36 /* Resources */,
			);
			buildRules = (
			);
			dependencies = (
				2767D2EC269BA2AF00E61C36 /* PBXTargetDependency */,
			);
			name = "Tests iOS";
			productName = "Tests iOS";
			productReference = 2767D2EA269BA2AF00E61C36 /* Tests iOS.xctest */;
			productType = "com.apple.product-type.bundle.ui-testing";
		};
		2767D2F3269BA2AF00E61C36 /* Tests macOS */ = {
			isa = PBXNativeTarget;
			buildConfigurationList = 2767D30B269BA2AF00E61C36 /* Build configuration list for PBXNativeTarget "Tests macOS" */;
			buildPhases = (
				2767D2F0269BA2AF00E61C36 /* Sources */,
				2767D2F1269BA2AF00E61C36 /* Frameworks */,
				2767D2F2269BA2AF00E61C36 /* Resources */,
			);
			buildRules = (
			);
			dependencies = (
				2767D2F6269BA2AF00E61C36 /* PBXTargetDependency */,
			);
			name = "Tests macOS";
			productName = "Tests macOS";
			productReference = 2767D2F4269BA2AF00E61C36 /* Tests macOS.xctest */;
			productType = "com.apple.product-type.bundle.ui-testing";
		};
/* End PBXNativeTarget section */

/* Begin PBXProject section */
		2767D2D3269BA2AB00E61C36 /* Project object */ = {
			isa = PBXProject;
			attributes = {
				BuildIndependentTargetsInParallel = 1;
				LastSwiftUpdateCheck = 1300;
				LastUpgradeCheck = 1300;
				TargetAttributes = {
					2767D2DE269BA2AF00E61C36 = {
						CreatedOnToolsVersion = 13.0;
					};
					2767D2E4269BA2AF00E61C36 = {
						CreatedOnToolsVersion = 13.0;
					};
					2767D2E9269BA2AF00E61C36 = {
						CreatedOnToolsVersion = 13.0;
						TestTargetID = 2767D2DE269BA2AF00E61C36;
					};
					2767D2F3269BA2AF00E61C36 = {
						CreatedOnToolsVersion = 13.0;
						TestTargetID = 2767D2E4269BA2AF00E61C36;
					};
				};
			};
			buildConfigurationList = 2767D2D6269BA2AB00E61C36 /* Build configuration list for PBXProject "The Jumping Retard" */;
			compatibilityVersion = "Xcode 13.0";
			developmentRegion = en;
			hasScannedForEncodings = 0;
			knownRegions = (
				en,
				Base,
			);
			mainGroup = 2767D2D2269BA2AB00E61C36;
			productRefGroup = 2767D2E0269BA2AF00E61C36 /* Products */;
			projectDirPath = "";
			projectRoot = "";
			targets = (
				2767D2DE269BA2AF00E61C36 /* The Jumping Retard (iOS) */,
				2767D2E4269BA2AF00E61C36 /* The Jumping Retard (macOS) */,
				2767D2E9269BA2AF00E61C36 /* Tests iOS */,
				2767D2F3269BA2AF00E61C36 /* Tests macOS */,
			);
		};
/* End PBXProject section */

/* Begin PBXResourcesBuildPhase section */
		2767D2DD269BA2AF00E61C36 /* Resources */ = {
			isa = PBXResourcesBuildPhase;
			buildActionMask = 2147483647;
			files = (
				2767D310269BA88B00E61C36 /* Assets.xcassets in Resources */,
				2767D313269BA8A900E61C36 /* fonts in Resources */,
			);
			runOnlyForDeploymentPostprocessing = 0;
		};
		2767D2E3269BA2AF00E61C36 /* Resources */ = {
			isa = PBXResourcesBuildPhase;
			buildActionMask = 2147483647;
			files = (
				2767D311269BA88B00E61C36 /* Assets.xcassets in Resources */,
				2767D314269BA8A900E61C36 /* fonts in Resources */,
			);
			runOnlyForDeploymentPostprocessing = 0;
		};
		2767D2E8269BA2AF00E61C36 /* Resources */ = {
			isa = PBXResourcesBuildPhase;
			buildActionMask = 2147483647;
			files = (
			);
			runOnlyForDeploymentPostprocessing = 0;
		};
		2767D2F2269BA2AF00E61C36 /* Resources */ = {
			isa = PBXResourcesBuildPhase;
			buildActionMask = 2147483647;
			files = (
			);
			runOnlyForDeploymentPostprocessing = 0;
		};
/* End PBXResourcesBuildPhase section */

/* Begin PBXSourcesBuildPhase section */
		2767D2DB269BA2AF00E61C36 /* Sources */ = {
			isa = PBXSourcesBuildPhase;
			buildActionMask = 2147483647;
			files = (
				2767D2FC269BA2AF00E61C36 /* ContentView.swift in Sources */,
				2767D2FA269BA2AF00E61C36 /* The_Jumping_RetardApp.swift in Sources */,
			);
			runOnlyForDeploymentPostprocessing = 0;
		};
		2767D2E1269BA2AF00E61C36 /* Sources */ = {
			isa = PBXSourcesBuildPhase;
			buildActionMask = 2147483647;
			files = (
				2767D2FD269BA2AF00E61C36 /* ContentView.swift in Sources */,
				2767D2FB269BA2AF00E61C36 /* The_Jumping_RetardApp.swift in Sources */,
			);
			runOnlyForDeploymentPostprocessing = 0;
		};
		2767D2E6269BA2AF00E61C36 /* Sources */ = {
			isa = PBXSourcesBuildPhase;
			buildActionMask = 2147483647;
			files = (
				2767D2EF269BA2AF00E61C36 /* Tests_iOS.swift in Sources */,
			);
			runOnlyForDeploymentPostprocessing = 0;
		};
		2767D2F0269BA2AF00E61C36 /* Sources */ = {
			isa = PBXSourcesBuildPhase;
			buildActionMask = 2147483647;
			files = (
				2767D2F9269BA2AF00E61C36 /* Tests_macOS.swift in Sources */,
			);
			runOnlyForDeploymentPostprocessing = 0;
		};
/* End PBXSourcesBuildPhase section */

/* Begin PBXTargetDependency section */
		2767D2EC269BA2AF00E61C36 /* PBXTargetDependency */ = {
			isa = PBXTargetDependency;
			target = 2767D2DE269BA2AF00E61C36 /* The Jumping Retard (iOS) */;
			targetProxy = 2767D2EB269BA2AF00E61C36 /* PBXContainerItemProxy */;
		};
		2767D2F6269BA2AF00E61C36 /* PBXTargetDependency */ = {
			isa = PBXTargetDependency;
			target = 2767D2E4269BA2AF00E61C36 /* The Jumping Retard (macOS) */;
			targetProxy = 2767D2F5269BA2AF00E61C36 /* PBXContainerItemProxy */;
		};
/* End PBXTargetDependency section */

/* Begin XCBuildConfiguration section */
		2767D300269BA2AF00E61C36 /* Debug */ = {
			isa = XCBuildConfiguration;
			buildSettings = {
				ALWAYS_SEARCH_USER_PATHS = NO;
				CLANG_ANALYZER_NONNULL = YES;
				CLANG_ANALYZER_NUMBER_OBJECT_CONVERSION = YES_AGGRESSIVE;
				CLANG_CXX_LANGUAGE_STANDARD = "gnu++14";
				CLANG_CXX_LIBRARY = "libc++";
				CLANG_ENABLE_MODULES = YES;
				CLANG_ENABLE_OBJC_ARC = YES;
				CLANG_ENABLE_OBJC_WEAK = YES;
				CLANG_WARN_BLOCK_CAPTURE_AUTORELEASING = YES;
				CLANG_WARN_BOOL_CONVERSION = YES;
				CLANG_WARN_COMMA = YES;
				CLANG_WARN_CONSTANT_CONVERSION = YES;
				CLANG_WARN_DEPRECATED_OBJC_IMPLEMENTATIONS = YES;
				CLANG_WARN_DIRECT_OBJC_ISA_USAGE = YES_ERROR;
				CLANG_WARN_DOCUMENTATION_COMMENTS = YES;
				CLANG_WARN_EMPTY_BODY = YES;
				CLANG_WARN_ENUM_CONVERSION = YES;
				CLANG_WARN_INFINITE_RECURSION = YES;
				CLANG_WARN_INT_CONVERSION = YES;
				CLANG_WARN_NON_LITERAL_NULL_CONVERSION = YES;
				CLANG_WARN_OBJC_IMPLICIT_RETAIN_SELF = YES;
				CLANG_WARN_OBJC_LITERAL_CONVERSION = YES;
				CLANG_WARN_OBJC_ROOT_CLASS = YES_ERROR;
				CLANG_WARN_QUOTED_INCLUDE_IN_FRAMEWORK_HEADER = YES;
				CLANG_WARN_RANGE_LOOP_ANALYSIS = YES;
				CLANG_WARN_STRICT_PROTOTYPES = YES;
				CLANG_WARN_SUSPICIOUS_MOVE = YES;
				CLANG_WARN_UNGUARDED_AVAILABILITY = YES_AGGRESSIVE;
				CLANG_WARN_UNREACHABLE_CODE = YES;
				CLANG_WARN__DUPLICATE_METHOD_MATCH = YES;
				COPY_PHASE_STRIP = NO;
				DEBUG_INFORMATION_FORMAT = dwarf;
				ENABLE_STRICT_OBJC_MSGSEND = YES;
				ENABLE_TESTABILITY = YES;
				GCC_C_LANGUAGE_STANDARD = gnu11;
				GCC_DYNAMIC_NO_PIC = NO;
				GCC_NO_COMMON_BLOCKS = YES;
				GCC_OPTIMIZATION_LEVEL = 0;
				GCC_PREPROCESSOR_DEFINITIONS = (
					"DEBUG=1",
					"$(inherited)",
				);
				GCC_WARN_64_TO_32_BIT_CONVERSION = YES;
				GCC_WARN_ABOUT_RETURN_TYPE = YES_ERROR;
				GCC_WARN_UNDECLARED_SELECTOR = YES;
				GCC_WARN_UNINITIALIZED_AUTOS = YES_AGGRESSIVE;
				GCC_WARN_UNUSED_FUNCTION = YES;
				GCC_WARN_UNUSED_VARIABLE = YES;
				IPHONEOS_DEPLOYMENT_TARGET = 14.1;
				MACOSX_DEPLOYMENT_TARGET = 11.0;
				MTL_ENABLE_DEBUG_INFO = INCLUDE_SOURCE;
				MTL_FAST_MATH = YES;
				ONLY_ACTIVE_ARCH = YES;
				SWIFT_ACTIVE_COMPILATION_CONDITIONS = DEBUG;
				SWIFT_OPTIMIZATION_LEVEL = "-Onone";
			};
			name = Debug;
		};
		2767D301269BA2AF00E61C36 /* Release */ = {
			isa = XCBuildConfiguration;
			buildSettings = {
				ALWAYS_SEARCH_USER_PATHS = NO;
				CLANG_ANALYZER_NONNULL = YES;
				CLANG_ANALYZER_NUMBER_OBJECT_CONVERSION = YES_AGGRESSIVE;
				CLANG_CXX_LANGUAGE_STANDARD = "gnu++14";
				CLANG_CXX_LIBRARY = "libc++";
				CLANG_ENABLE_MODULES = YES;
				CLANG_ENABLE_OBJC_ARC = YES;
				CLANG_ENABLE_OBJC_WEAK = YES;
				CLANG_WARN_BLOCK_CAPTURE_AUTORELEASING = YES;
				CLANG_WARN_BOOL_CONVERSION = YES;
				CLANG_WARN_COMMA = YES;
				CLANG_WARN_CONSTANT_CONVERSION = YES;
				CLANG_WARN_DEPRECATED_OBJC_IMPLEMENTATIONS = YES;
				CLANG_WARN_DIRECT_OBJC_ISA_USAGE = YES_ERROR;
				CLANG_WARN_DOCUMENTATION_COMMENTS = YES;
				CLANG_WARN_EMPTY_BODY = YES;
				CLANG_WARN_ENUM_CONVERSION = YES;
				CLANG_WARN_INFINITE_RECURSION = YES;
				CLANG_WARN_INT_CONVERSION = YES;
				CLANG_WARN_NON_LITERAL_NULL_CONVERSION = YES;
				CLANG_WARN_OBJC_IMPLICIT_RETAIN_SELF = YES;
				CLANG_WARN_OBJC_LITERAL_CONVERSION = YES;
				CLANG_WARN_OBJC_ROOT_CLASS = YES_ERROR;
				CLANG_WARN_QUOTED_INCLUDE_IN_FRAMEWORK_HEADER = YES;
				CLANG_WARN_RANGE_LOOP_ANALYSIS = YES;
				CLANG_WARN_STRICT_PROTOTYPES = YES;
				CLANG_WARN_SUSPICIOUS_MOVE = YES;
				CLANG_WARN_UNGUARDED_AVAILABILITY = YES_AGGRESSIVE;
				CLANG_WARN_UNREACHABLE_CODE = YES;
				CLANG_WARN__DUPLICATE_METHOD_MATCH = YES;
				COPY_PHASE_STRIP = NO;
				DEBUG_INFORMATION_FORMAT = "dwarf-with-dsym";
				ENABLE_NS_ASSERTIONS = NO;
				ENABLE_STRICT_OBJC_MSGSEND = YES;
				GCC_C_LANGUAGE_STANDARD = gnu11;
				GCC_NO_COMMON_BLOCKS = YES;
				GCC_WARN_64_TO_32_BIT_CONVERSION = YES;
				GCC_WARN_ABOUT_RETURN_TYPE = YES_ERROR;
				GCC_WARN_UNDECLARED_SELECTOR = YES;
				GCC_WARN_UNINITIALIZED_AUTOS = YES_AGGRESSIVE;
				GCC_WARN_UNUSED_FUNCTION = YES;
				GCC_WARN_UNUSED_VARIABLE = YES;
				IPHONEOS_DEPLOYMENT_TARGET = 14.1;
				MACOSX_DEPLOYMENT_TARGET = 11.0;
				MTL_ENABLE_DEBUG_INFO = NO;
				MTL_FAST_MATH = YES;
				SWIFT_COMPILATION_MODE = wholemodule;
				SWIFT_OPTIMIZATION_LEVEL = "-O";
			};
			name = Release;
		};
		2767D303269BA2AF00E61C36 /* Debug */ = {
			isa = XCBuildConfiguration;
			buildSettings = {
				ASSETCATALOG_COMPILER_APPICON_NAME = AppIcon;
				ASSETCATALOG_COMPILER_GLOBAL_ACCENT_COLOR_NAME = AccentColor;
				CODE_SIGN_STYLE = Automatic;
				CURRENT_PROJECT_VERSION = 1;
				DEVELOPMENT_TEAM = GWCW5GQ4D2;
				ENABLE_PREVIEWS = YES;
				GENERATE_INFOPLIST_FILE = YES;
				INFOPLIST_KEY_UIApplicationSceneManifest_Generation = YES;
				INFOPLIST_KEY_UIApplicationSupportsIndirectInputEvents = YES;
				INFOPLIST_KEY_UILaunchScreen_Generation = YES;
				INFOPLIST_KEY_UISupportedInterfaceOrientations_iPad = "UIInterfaceOrientationPortrait UIInterfaceOrientationPortraitUpsideDown UIInterfaceOrientationLandscapeLeft UIInterfaceOrientationLandscapeRight";
				INFOPLIST_KEY_UISupportedInterfaceOrientations_iPhone = "UIInterfaceOrientationPortrait UIInterfaceOrientationLandscapeLeft UIInterfaceOrientationLandscapeRight";
				IPHONEOS_DEPLOYMENT_TARGET = 14.0;
				LD_RUNPATH_SEARCH_PATHS = (
					"$(inherited)",
					"@executable_path/Frameworks",
				);
				MARKETING_VERSION = 1.0;
				PRODUCT_BUNDLE_IDENTIFIER = "tech.Iliassjabali.The-Jumping-Retard";
				PRODUCT_NAME = "The Jumping Retard";
				SDKROOT = iphoneos;
				SWIFT_EMIT_LOC_STRINGS = YES;
				SWIFT_VERSION = 5.0;
				TARGETED_DEVICE_FAMILY = "1,2";
			};
			name = Debug;
		};
		2767D304269BA2AF00E61C36 /* Release */ = {
			isa = XCBuildConfiguration;
			buildSettings = {
				ASSETCATALOG_COMPILER_APPICON_NAME = AppIcon;
				ASSETCATALOG_COMPILER_GLOBAL_ACCENT_COLOR_NAME = AccentColor;
				CODE_SIGN_STYLE = Automatic;
				CURRENT_PROJECT_VERSION = 1;
				DEVELOPMENT_TEAM = GWCW5GQ4D2;
				ENABLE_PREVIEWS = YES;
				GENERATE_INFOPLIST_FILE = YES;
				INFOPLIST_KEY_UIApplicationSceneManifest_Generation = YES;
				INFOPLIST_KEY_UIApplicationSupportsIndirectInputEvents = YES;
				INFOPLIST_KEY_UILaunchScreen_Generation = YES;
				INFOPLIST_KEY_UISupportedInterfaceOrientations_iPad = "UIInterfaceOrientationPortrait UIInterfaceOrientationPortraitUpsideDown UIInterfaceOrientationLandscapeLeft UIInterfaceOrientationLandscapeRight";
				INFOPLIST_KEY_UISupportedInterfaceOrientations_iPhone = "UIInterfaceOrientationPortrait UIInterfaceOrientationLandscapeLeft UIInterfaceOrientationLandscapeRight";
				IPHONEOS_DEPLOYMENT_TARGET = 14.0;
				LD_RUNPATH_SEARCH_PATHS = (
					"$(inherited)",
					"@executable_path/Frameworks",
				);
				MARKETING_VERSION = 1.0;
				PRODUCT_BUNDLE_IDENTIFIER = "tech.Iliassjabali.The-Jumping-Retard";
				PRODUCT_NAME = "The Jumping Retard";
				SDKROOT = iphoneos;
				SWIFT_EMIT_LOC_STRINGS = YES;
				SWIFT_VERSION = 5.0;
				TARGETED_DEVICE_FAMILY = "1,2";
				VALIDATE_PRODUCT = YES;
			};
			name = Release;
		};
		2767D306269BA2AF00E61C36 /* Debug */ = {
			isa = XCBuildConfiguration;
			buildSettings = {
				ASSETCATALOG_COMPILER_APPICON_NAME = AppIcon;
				ASSETCATALOG_COMPILER_GLOBAL_ACCENT_COLOR_NAME = AccentColor;
				CODE_SIGN_STYLE = Automatic;
				COMBINE_HIDPI_IMAGES = YES;
				CURRENT_PROJECT_VERSION = 1;
				DEVELOPMENT_TEAM = GWCW5GQ4D2;
				ENABLE_APP_SANDBOX = YES;
				ENABLE_HARDENED_RUNTIME = YES;
				ENABLE_PREVIEWS = YES;
				ENABLE_USER_SELECTED_FILES = readonly;
				GENERATE_INFOPLIST_FILE = YES;
				INFOPLIST_FILE = "The-Jumping-Retard--macOS--Info.plist";
				INFOPLIST_KEY_CFBundleExecutable = "The Jumping Retard";
				INFOPLIST_KEY_CFBundleName = "The Jumping Retard";
				INFOPLIST_KEY_CFBundleVersion = 1;
				INFOPLIST_KEY_NSHumanReadableCopyright = "";
				LD_RUNPATH_SEARCH_PATHS = (
					"$(inherited)",
					"@executable_path/../Frameworks",
				);
				MACOSX_DEPLOYMENT_TARGET = 11.0;
				MARKETING_VERSION = 0.1;
				PRODUCT_BUNDLE_IDENTIFIER = "tech.Iliassjabali.The-Jumping-Retard";
				PRODUCT_NAME = "The Jumping Retard";
				SDKROOT = macosx;
				SWIFT_EMIT_LOC_STRINGS = YES;
				SWIFT_VERSION = 5.0;
			};
			name = Debug;
		};
		2767D307269BA2AF00E61C36 /* Release */ = {
			isa = XCBuildConfiguration;
			buildSettings = {
				ASSETCATALOG_COMPILER_APPICON_NAME = AppIcon;
				ASSETCATALOG_COMPILER_GLOBAL_ACCENT_COLOR_NAME = AccentColor;
				CODE_SIGN_STYLE = Automatic;
				COMBINE_HIDPI_IMAGES = YES;
				CURRENT_PROJECT_VERSION = 1;
				DEVELOPMENT_TEAM = GWCW5GQ4D2;
				ENABLE_APP_SANDBOX = YES;
				ENABLE_HARDENED_RUNTIME = YES;
				ENABLE_PREVIEWS = YES;
				ENABLE_USER_SELECTED_FILES = readonly;
				GENERATE_INFOPLIST_FILE = YES;
				INFOPLIST_FILE = "The-Jumping-Retard--macOS--Info.plist";
				INFOPLIST_KEY_CFBundleExecutable = "The Jumping Retard";
				INFOPLIST_KEY_CFBundleName = "The Jumping Retard";
				INFOPLIST_KEY_CFBundleVersion = 1;
				INFOPLIST_KEY_NSHumanReadableCopyright = "";
				LD_RUNPATH_SEARCH_PATHS = (
					"$(inherited)",
					"@executable_path/../Frameworks",
				);
				MACOSX_DEPLOYMENT_TARGET = 11.0;
				MARKETING_VERSION = 0.1;
				PRODUCT_BUNDLE_IDENTIFIER = "tech.Iliassjabali.The-Jumping-Retard";
				PRODUCT_NAME = "The Jumping Retard";
				SDKROOT = macosx;
				SWIFT_EMIT_LOC_STRINGS = YES;
				SWIFT_VERSION = 5.0;
			};
			name = Release;
		};
		2767D309269BA2AF00E61C36 /* Debug */ = {
			isa = XCBuildConfiguration;
			buildSettings = {
				ALWAYS_EMBED_SWIFT_STANDARD_LIBRARIES = YES;
				CODE_SIGN_STYLE = Automatic;
				CURRENT_PROJECT_VERSION = 1;
				DEVELOPMENT_TEAM = GWCW5GQ4D2;
				GENERATE_INFOPLIST_FILE = YES;
				IPHONEOS_DEPLOYMENT_TARGET = 15.0;
				LD_RUNPATH_SEARCH_PATHS = (
					"$(inherited)",
					"@executable_path/Frameworks",
					"@loader_path/Frameworks",
				);
				MARKETING_VERSION = 1.0;
				PRODUCT_BUNDLE_IDENTIFIER = "tech.Iliassjabali.Tests-iOS";
				PRODUCT_NAME = "$(TARGET_NAME)";
				SDKROOT = iphoneos;
				SWIFT_EMIT_LOC_STRINGS = NO;
				SWIFT_VERSION = 5.0;
				TARGETED_DEVICE_FAMILY = "1,2";
				TEST_TARGET_NAME = "The Jumping Retard (iOS)";
			};
			name = Debug;
		};
		2767D30A269BA2AF00E61C36 /* Release */ = {
			isa = XCBuildConfiguration;
			buildSettings = {
				ALWAYS_EMBED_SWIFT_STANDARD_LIBRARIES = YES;
				CODE_SIGN_STYLE = Automatic;
				CURRENT_PROJECT_VERSION = 1;
				DEVELOPMENT_TEAM = GWCW5GQ4D2;
				GENERATE_INFOPLIST_FILE = YES;
				IPHONEOS_DEPLOYMENT_TARGET = 15.0;
				LD_RUNPATH_SEARCH_PATHS = (
					"$(inherited)",
					"@executable_path/Frameworks",
					"@loader_path/Frameworks",
				);
				MARKETING_VERSION = 1.0;
				PRODUCT_BUNDLE_IDENTIFIER = "tech.Iliassjabali.Tests-iOS";
				PRODUCT_NAME = "$(TARGET_NAME)";
				SDKROOT = iphoneos;
				SWIFT_EMIT_LOC_STRINGS = NO;
				SWIFT_VERSION = 5.0;
				TARGETED_DEVICE_FAMILY = "1,2";
				TEST_TARGET_NAME = "The Jumping Retard (iOS)";
				VALIDATE_PRODUCT = YES;
			};
			name = Release;
		};
		2767D30C269BA2AF00E61C36 /* Debug */ = {
			isa = XCBuildConfiguration;
			buildSettings = {
				ALWAYS_EMBED_SWIFT_STANDARD_LIBRARIES = YES;
				CODE_SIGN_STYLE = Automatic;
				COMBINE_HIDPI_IMAGES = YES;
				CURRENT_PROJECT_VERSION = 1;
				DEVELOPMENT_TEAM = GWCW5GQ4D2;
				GENERATE_INFOPLIST_FILE = YES;
				LD_RUNPATH_SEARCH_PATHS = (
					"$(inherited)",
					"@executable_path/../Frameworks",
					"@loader_path/../Frameworks",
				);
				MACOSX_DEPLOYMENT_TARGET = 11.4;
				MARKETING_VERSION = 1.0;
				PRODUCT_BUNDLE_IDENTIFIER = "tech.Iliassjabali.Tests-macOS";
				PRODUCT_NAME = "$(TARGET_NAME)";
				SDKROOT = macosx;
				SWIFT_EMIT_LOC_STRINGS = NO;
				SWIFT_VERSION = 5.0;
				TEST_TARGET_NAME = "The Jumping Retard (macOS)";
			};
			name = Debug;
		};
		2767D30D269BA2AF00E61C36 /* Release */ = {
			isa = XCBuildConfiguration;
			buildSettings = {
				ALWAYS_EMBED_SWIFT_STANDARD_LIBRARIES = YES;
				CODE_SIGN_STYLE = Automatic;
				COMBINE_HIDPI_IMAGES = YES;
				CURRENT_PROJECT_VERSION = 1;
				DEVELOPMENT_TEAM = GWCW5GQ4D2;
				GENERATE_INFOPLIST_FILE = YES;
				LD_RUNPATH_SEARCH_PATHS = (
					"$(inherited)",
					"@executable_path/../Frameworks",
					"@loader_path/../Frameworks",
				);
				MACOSX_DEPLOYMENT_TARGET = 11.4;
				MARKETING_VERSION = 1.0;
				PRODUCT_BUNDLE_IDENTIFIER = "tech.Iliassjabali.Tests-macOS";
				PRODUCT_NAME = "$(TARGET_NAME)";
				SDKROOT = macosx;
				SWIFT_EMIT_LOC_STRINGS = NO;
				SWIFT_VERSION = 5.0;
				TEST_TARGET_NAME = "The Jumping Retard (macOS)";
			};
			name = Release;
		};
/* End XCBuildConfiguration section */

/* Begin XCConfigurationList section */
		2767D2D6269BA2AB00E61C36 /* Build configuration list for PBXProject "The Jumping Retard" */ = {
			isa = XCConfigurationList;
			buildConfigurations = (
				2767D300269BA2AF00E61C36 /* Debug */,
				2767D301269BA2AF00E61C36 /* Release */,
			);
			defaultConfigurationIsVisible = 0;
			defaultConfigurationName = Release;
		};
		2767D302269BA2AF00E61C36 /* Build configuration list for PBXNativeTarget "The Jumping Retard (iOS)" */ = {
			isa = XCConfigurationList;
			buildConfigurations = (
				2767D303269BA2AF00E61C36 /* Debug */,
				2767D304269BA2AF00E61C36 /* Release */,
			);
			defaultConfigurationIsVisible = 0;
			defaultConfigurationName = Release;
		};
		2767D305269BA2AF00E61C36 /* Build configuration list for PBXNativeTarget "The Jumping Retard (macOS)" */ = {
			isa = XCConfigurationList;
			buildConfigurations = (
				2767D306269BA2AF00E61C36 /* Debug */,
				2767D307269BA2AF00E61C36 /* Release */,
			);
			defaultConfigurationIsVisible = 0;
			defaultConfigurationName = Release;
		};
		2767D308269BA2AF00E61C36 /* Build configuration list for PBXNativeTarget "Tests iOS" */ = {
			isa = XCConfigurationList;
			buildConfigurations = (
				2767D309269BA2AF00E61C36 /* Debug */,
				2767D30A269BA2AF00E61C36 /* Release */,
			);
			defaultConfigurationIsVisible = 0;
			defaultConfigurationName = Release;
		};
		2767D30B269BA2AF00E61C36 /* Build configuration list for PBXNativeTarget "Tests macOS" */ = {
			isa = XCConfigurationList;
			buildConfigurations = (
				2767D30C269BA2AF00E61C36 /* Debug */,
				2767D30D269BA2AF00E61C36 /* Release */,
			);
			defaultConfigurationIsVisible = 0;
			defaultConfigurationName = Release;
		};
/* End XCConfigurationList section */
	};
	rootObject = 2767D2D3269BA2AB00E61C36 /* Project object */;
}
